
Microsoft Visual Studio Solution File, Format Version 12.00
# Visual Studio 15
VisualStudioVersion = 15.0.28010.2003
MinimumVisualStudioVersion = 10.0.40219.1
Project("{FAE04EC0-301F-11D3-BF4B-00C04F79EFBC}") = "DataStructure", "DataStructure\DataStructure.csproj", "{ADF06F54-1562-44E4-A693-096F88599FC8}"
EndProject
Global
	GlobalSection(SolutionConfigurationPlatforms) = preSolution
		Debug|Any CPU = Debug|Any CPU
		Release|Any CPU = Release|Any CPU
	EndGlobalSection
	GlobalSection(ProjectConfigurationPlatforms) = postSolution
		{ADF06F54-1562-44E4-A693-096F88599FC8}.Debug|Any CPU.ActiveCfg = Debug|Any CPU
		{ADF06F54-1562-44E4-A693-096F88599FC8}.Debug|Any CPU.Build.0 = Debug|Any CPU
		{ADF06F54-1562-44E4-A693-096F88599FC8}.Release|Any CPU.ActiveCfg = Release|Any CPU
		{ADF06F54-1562-44E4-A693-096F88599FC8}.Release|Any CPU.Build.0 = Release|Any CPU
	EndGlobalSection
	GlobalSection(SolutionProperties) = preSolution
		HideSolutionNode = FALSE
	EndGlobalSection
	GlobalSection(ExtensibilityGlobals) = postSolution
		SolutionGuid = {905D657F-FAF8-4A92-9738-997D2553D6E9}
	EndGlobalSection
EndGlobal
